{
  "object": {
    "pins": [
      {
        "package": "Cryptor",
        "repositoryURL": "https://github.com/IBM-Swift/BlueCryptor.git",
        "state": {
          "branch": null,
          "revision": "fae7286fbe20182a05d20e131f9861061a6aae77",
          "version": "1.0.2"
        }
      },
      {
        "package": "CommonCrypto",
        "repositoryURL": "https://github.com/IBM-Swift/CommonCrypto.git",
        "state": {
          "branch": null,
          "revision": "9156d238dbc4c15455b77b45e721b2bb0b995e31",
          "version": "1.0.0"
        }
      }
    ]
  },
  "version": 1
}
